
Microsoft Visual Studio Solution File, Format Version 12.00
# Visual Studio Version 17
VisualStudioVersion = 17.14.36301.6 d17.14
MinimumVisualStudioVersion = 10.0.40219.1
Project("{FAE04EC0-301F-11D3-BF4B-00C04F79EFBC}") = "ContactsManager.UI", "ContactsManager.UI\ContactsManager.UI.csproj", "{16C30D72-41AA-4990-AED6-35BC9F025B1D}"
EndProject
Project("{2150E333-8FDC-42A3-9474-1A3956D46DE8}") = "src", "src", "{02EA681E-C7D8-13C7-8484-4AC65E1B71E8}"
EndProject
Project("{2150E333-8FDC-42A3-9474-1A3956D46DE8}") = "tests", "tests", "{617E0BDB-41C2-4D2A-8434-350222166A92}"
EndProject
Project("{FAE04EC0-301F-11D3-BF4B-00C04F79EFBC}") = "ContactsManager.Core", "ContactsManager.Core\ContactsManager.Core.csproj", "{7A1AB486-0315-4FB3-9668-55C6B06A9779}"
EndProject
Project("{FAE04EC0-301F-11D3-BF4B-00C04F79EFBC}") = "ContactsManager.Infrastructure", "ContactsManager.Infrastructure\ContactsManager.Infrastructure.csproj", "{1E9D1C72-4488-4C64-9587-20D523ACCC5B}"
EndProject
Project("{FAE04EC0-301F-11D3-BF4B-00C04F79EFBC}") = "ContactsManager.ServiceTests", "ContactsManager.ServiceTests\ContactsManager.ServiceTests.csproj", "{76FF8790-DA9E-44EA-985D-B46728DE53FC}"
EndProject
Project("{FAE04EC0-301F-11D3-BF4B-00C04F79EFBC}") = "ContactsManager.ControllerTests", "ContactsManager.ControllerTests\ContactsManager.ControllerTests.csproj", "{A37C2841-F654-42A4-8478-50DBA960F535}"
EndProject
Project("{FAE04EC0-301F-11D3-BF4B-00C04F79EFBC}") = "ContactsManager.IntegrationTests", "ContactsManager.IntegrationTests\ContactsManager.IntegrationTests.csproj", "{24C1C039-AD2F-4B83-8173-D30DDCE63FA1}"
EndProject
Global
	GlobalSection(SolutionConfigurationPlatforms) = preSolution
		Debug|Any CPU = Debug|Any CPU
		Release|Any CPU = Release|Any CPU
	EndGlobalSection
	GlobalSection(ProjectConfigurationPlatforms) = postSolution
		{16C30D72-41AA-4990-AED6-35BC9F025B1D}.Debug|Any CPU.ActiveCfg = Debug|Any CPU
		{16C30D72-41AA-4990-AED6-35BC9F025B1D}.Debug|Any CPU.Build.0 = Debug|Any CPU
		{16C30D72-41AA-4990-AED6-35BC9F025B1D}.Release|Any CPU.ActiveCfg = Release|Any CPU
		{16C30D72-41AA-4990-AED6-35BC9F025B1D}.Release|Any CPU.Build.0 = Release|Any CPU
		{7A1AB486-0315-4FB3-9668-55C6B06A9779}.Debug|Any CPU.ActiveCfg = Debug|Any CPU
		{7A1AB486-0315-4FB3-9668-55C6B06A9779}.Debug|Any CPU.Build.0 = Debug|Any CPU
		{7A1AB486-0315-4FB3-9668-55C6B06A9779}.Release|Any CPU.ActiveCfg = Release|Any CPU
		{7A1AB486-0315-4FB3-9668-55C6B06A9779}.Release|Any CPU.Build.0 = Release|Any CPU
		{1E9D1C72-4488-4C64-9587-20D523ACCC5B}.Debug|Any CPU.ActiveCfg = Debug|Any CPU
		{1E9D1C72-4488-4C64-9587-20D523ACCC5B}.Debug|Any CPU.Build.0 = Debug|Any CPU
		{1E9D1C72-4488-4C64-9587-20D523ACCC5B}.Release|Any CPU.ActiveCfg = Release|Any CPU
		{1E9D1C72-4488-4C64-9587-20D523ACCC5B}.Release|Any CPU.Build.0 = Release|Any CPU
		{76FF8790-DA9E-44EA-985D-B46728DE53FC}.Debug|Any CPU.ActiveCfg = Debug|Any CPU
		{76FF8790-DA9E-44EA-985D-B46728DE53FC}.Debug|Any CPU.Build.0 = Debug|Any CPU
		{76FF8790-DA9E-44EA-985D-B46728DE53FC}.Release|Any CPU.ActiveCfg = Release|Any CPU
		{76FF8790-DA9E-44EA-985D-B46728DE53FC}.Release|Any CPU.Build.0 = Release|Any CPU
		{A37C2841-F654-42A4-8478-50DBA960F535}.Debug|Any CPU.ActiveCfg = Debug|Any CPU
		{A37C2841-F654-42A4-8478-50DBA960F535}.Debug|Any CPU.Build.0 = Debug|Any CPU
		{A37C2841-F654-42A4-8478-50DBA960F535}.Release|Any CPU.ActiveCfg = Release|Any CPU
		{A37C2841-F654-42A4-8478-50DBA960F535}.Release|Any CPU.Build.0 = Release|Any CPU
		{24C1C039-AD2F-4B83-8173-D30DDCE63FA1}.Debug|Any CPU.ActiveCfg = Debug|Any CPU
		{24C1C039-AD2F-4B83-8173-D30DDCE63FA1}.Debug|Any CPU.Build.0 = Debug|Any CPU
		{24C1C039-AD2F-4B83-8173-D30DDCE63FA1}.Release|Any CPU.ActiveCfg = Release|Any CPU
		{24C1C039-AD2F-4B83-8173-D30DDCE63FA1}.Release|Any CPU.Build.0 = Release|Any CPU
	EndGlobalSection
	GlobalSection(SolutionProperties) = preSolution
		HideSolutionNode = FALSE
	EndGlobalSection
	GlobalSection(NestedProjects) = preSolution
		{16C30D72-41AA-4990-AED6-35BC9F025B1D} = {02EA681E-C7D8-13C7-8484-4AC65E1B71E8}
		{7A1AB486-0315-4FB3-9668-55C6B06A9779} = {02EA681E-C7D8-13C7-8484-4AC65E1B71E8}
		{1E9D1C72-4488-4C64-9587-20D523ACCC5B} = {02EA681E-C7D8-13C7-8484-4AC65E1B71E8}
		{76FF8790-DA9E-44EA-985D-B46728DE53FC} = {617E0BDB-41C2-4D2A-8434-350222166A92}
		{A37C2841-F654-42A4-8478-50DBA960F535} = {617E0BDB-41C2-4D2A-8434-350222166A92}
		{24C1C039-AD2F-4B83-8173-D30DDCE63FA1} = {617E0BDB-41C2-4D2A-8434-350222166A92}
	EndGlobalSection
	GlobalSection(ExtensibilityGlobals) = postSolution
		SolutionGuid = {34EE8DDF-EBDA-4FE9-9A60-CF60E6485FA5}
	EndGlobalSection
EndGlobal
